
Microsoft Visual Studio Solution File, Format Version 12.00
# Visual Studio Version 16
VisualStudioVersion = 16.0.30611.23
MinimumVisualStudioVersion = 10.0.40219.1
Project("{FAE04EC0-301F-11D3-BF4B-00C04F79EFBC}") = "ThreadPool", "ThreadPool\ThreadPool.csproj", "{F3DA5D2A-7702-47BB-B18D-417272C34638}"
EndProject
Global
	GlobalSection(SolutionConfigurationPlatforms) = preSolution
		Debug|Any CPU = Debug|Any CPU
		Release|Any CPU = Release|Any CPU
	EndGlobalSection
	GlobalSection(ProjectConfigurationPlatforms) = postSolution
		{F3DA5D2A-7702-47BB-B18D-417272C34638}.Debug|Any CPU.ActiveCfg = Debug|Any CPU
		{F3DA5D2A-7702-47BB-B18D-417272C34638}.Debug|Any CPU.Build.0 = Debug|Any CPU
		{F3DA5D2A-7702-47BB-B18D-417272C34638}.Release|Any CPU.ActiveCfg = Release|Any CPU
		{F3DA5D2A-7702-47BB-B18D-417272C34638}.Release|Any CPU.Build.0 = Release|Any CPU
	EndGlobalSection
	GlobalSection(SolutionProperties) = preSolution
		HideSolutionNode = FALSE
	EndGlobalSection
	GlobalSection(ExtensibilityGlobals) = postSolution
		SolutionGuid = {A3A14BF2-D7A7-4B2F-97CE-04B3172405F6}
	EndGlobalSection
EndGlobal
